
Microsoft Visual Studio Solution File, Format Version 12.00
# Visual Studio Version 16
VisualStudioVersion = 16.0.31515.178
MinimumVisualStudioVersion = 10.0.40219.1
Project("{FAE04EC0-301F-11D3-BF4B-00C04F79EFBC}") = "BusinessSim", "BusinessSim\BusinessSim.csproj", "{E342A4FD-7A60-44DC-B24A-60C42CE9EE46}"
EndProject
Global
	GlobalSection(SolutionConfigurationPlatforms) = preSolution
		Debug|Any CPU = Debug|Any CPU
		Release|Any CPU = Release|Any CPU
	EndGlobalSection
	GlobalSection(ProjectConfigurationPlatforms) = postSolution
		{E342A4FD-7A60-44DC-B24A-60C42CE9EE46}.Debug|Any CPU.ActiveCfg = Debug|Any CPU
		{E342A4FD-7A60-44DC-B24A-60C42CE9EE46}.Debug|Any CPU.Build.0 = Debug|Any CPU
		{E342A4FD-7A60-44DC-B24A-60C42CE9EE46}.Release|Any CPU.ActiveCfg = Release|Any CPU
		{E342A4FD-7A60-44DC-B24A-60C42CE9EE46}.Release|Any CPU.Build.0 = Release|Any CPU
	EndGlobalSection
	GlobalSection(SolutionProperties) = preSolution
		HideSolutionNode = FALSE
	EndGlobalSection
	GlobalSection(ExtensibilityGlobals) = postSolution
		SolutionGuid = {9946790D-67CC-453D-8EF2-7F27B0E1971E}
	EndGlobalSection
EndGlobal
